
Microsoft Visual Studio Solution File, Format Version 12.00
# Visual Studio Version 17
VisualStudioVersion = 17.7.34018.315
MinimumVisualStudioVersion = 10.0.40219.1
Project("{9A19103F-16F7-4668-BE54-9A1E7A4F7556}") = "CafeteriaApp", "CafeteriaApp.csproj", "{15637133-7D66-4E10-A8F4-EC83CF555E04}"
EndProject
Project("{2150E333-8FDC-42A3-9474-1A3956D46DE8}") = "Server", "Server", "{193F37C5-36F3-480C-8F2B-67B5BC3A9CB1}"
EndProject
Project("{2150E333-8FDC-42A3-9474-1A3956D46DE8}") = "Client", "Client", "{4AF533D2-BF99-4FE9-837B-5135EDFC84B4}"
EndProject
Project("{FAE04EC0-301F-11D3-BF4B-00C04F79EFBC}") = "RecommendationEngineAPI", "..\RecommendationEngineAPI\RecommendationEngineAPI.csproj", "{2E543D99-5244-4A6F-86F8-67DC2825A46C}"
EndProject
Global
	GlobalSection(SolutionConfigurationPlatforms) = preSolution
		Debug|Any CPU = Debug|Any CPU
		Release|Any CPU = Release|Any CPU
	EndGlobalSection
	GlobalSection(ProjectConfigurationPlatforms) = postSolution
		{15637133-7D66-4E10-A8F4-EC83CF555E04}.Debug|Any CPU.ActiveCfg = Debug|Any CPU
		{15637133-7D66-4E10-A8F4-EC83CF555E04}.Debug|Any CPU.Build.0 = Debug|Any CPU
		{15637133-7D66-4E10-A8F4-EC83CF555E04}.Release|Any CPU.ActiveCfg = Release|Any CPU
		{15637133-7D66-4E10-A8F4-EC83CF555E04}.Release|Any CPU.Build.0 = Release|Any CPU
		{2E543D99-5244-4A6F-86F8-67DC2825A46C}.Debug|Any CPU.ActiveCfg = Debug|Any CPU
		{2E543D99-5244-4A6F-86F8-67DC2825A46C}.Debug|Any CPU.Build.0 = Debug|Any CPU
		{2E543D99-5244-4A6F-86F8-67DC2825A46C}.Release|Any CPU.ActiveCfg = Release|Any CPU
		{2E543D99-5244-4A6F-86F8-67DC2825A46C}.Release|Any CPU.Build.0 = Release|Any CPU
	EndGlobalSection
	GlobalSection(SolutionProperties) = preSolution
		HideSolutionNode = FALSE
	EndGlobalSection
	GlobalSection(NestedProjects) = preSolution
		{15637133-7D66-4E10-A8F4-EC83CF555E04} = {4AF533D2-BF99-4FE9-837B-5135EDFC84B4}
		{2E543D99-5244-4A6F-86F8-67DC2825A46C} = {193F37C5-36F3-480C-8F2B-67B5BC3A9CB1}
	EndGlobalSection
	GlobalSection(ExtensibilityGlobals) = postSolution
		SolutionGuid = {097240F0-9444-4EEE-840A-5A16ADC21190}
	EndGlobalSection
EndGlobal
